
Microsoft Visual Studio Solution File, Format Version 12.00
# Visual Studio Version 16
VisualStudioVersion = 16.0.29025.244
MinimumVisualStudioVersion = 10.0.40219.1
Project("{FAE04EC0-301F-11D3-BF4B-00C04F79EFBC}") = "Javascript_RegularExpressions", "Javascript_RegularExpressions\Javascript_RegularExpressions.csproj", "{91890307-7248-4F4F-A8C0-DAC92627A845}"
EndProject
Global
	GlobalSection(SolutionConfigurationPlatforms) = preSolution
		Debug|Any CPU = Debug|Any CPU
		Release|Any CPU = Release|Any CPU
	EndGlobalSection
	GlobalSection(ProjectConfigurationPlatforms) = postSolution
		{91890307-7248-4F4F-A8C0-DAC92627A845}.Debug|Any CPU.ActiveCfg = Debug|Any CPU
		{91890307-7248-4F4F-A8C0-DAC92627A845}.Debug|Any CPU.Build.0 = Debug|Any CPU
		{91890307-7248-4F4F-A8C0-DAC92627A845}.Release|Any CPU.ActiveCfg = Release|Any CPU
		{91890307-7248-4F4F-A8C0-DAC92627A845}.Release|Any CPU.Build.0 = Release|Any CPU
	EndGlobalSection
	GlobalSection(SolutionProperties) = preSolution
		HideSolutionNode = FALSE
	EndGlobalSection
	GlobalSection(ExtensibilityGlobals) = postSolution
		SolutionGuid = {3D1DA7A0-3970-4AB3-BA03-F158715784E5}
	EndGlobalSection
EndGlobal
